
Microsoft Visual Studio Solution File, Format Version 12.00
# Visual Studio 15
VisualStudioVersion = 15.0.28307.645
MinimumVisualStudioVersion = 10.0.40219.1
Project("{FAE04EC0-301F-11D3-BF4B-00C04F79EFBC}") = "TestePratico.Api", "TestePratico.Api\TestePratico.Api.csproj", "{D3949947-A7C7-4E3E-ACB5-08C2D06D8B45}"
EndProject
Project("{FAE04EC0-301F-11D3-BF4B-00C04F79EFBC}") = "TestePratico.Dominio", "TestePratico.Dominio\TestePratico.Dominio.csproj", "{8F4F16EC-5096-49C8-A134-516665678BA4}"
EndProject
Project("{FAE04EC0-301F-11D3-BF4B-00C04F79EFBC}") = "TestePratico.Infra", "TestePratico.Infra\TestePratico.Infra.csproj", "{B61FD67D-AF92-49F4-8A4F-0444E2F5ACB0}"
EndProject
Project("{FAE04EC0-301F-11D3-BF4B-00C04F79EFBC}") = "TestePratico.Aplicacao", "TestePratico.Aplicacao\TestePratico.Aplicacao.csproj", "{800160C1-31D0-494B-8B16-308418D009FB}"
EndProject
Project("{FAE04EC0-301F-11D3-BF4B-00C04F79EFBC}") = "TestePratico.DominioTeste", "TestePratico.DominioTeste\TestePratico.DominioTeste.csproj", "{22841672-EABA-430F-9707-5D49ED69A768}"
EndProject
Project("{FAE04EC0-301F-11D3-BF4B-00C04F79EFBC}") = "TestePratico.DataTransfer", "TestePratico.DataTransfer\TestePratico.DataTransfer.csproj", "{74473817-E9D1-40EC-915C-83908200E5B1}"
EndProject
Global
	GlobalSection(SolutionConfigurationPlatforms) = preSolution
		Debug|Any CPU = Debug|Any CPU
		Release|Any CPU = Release|Any CPU
	EndGlobalSection
	GlobalSection(ProjectConfigurationPlatforms) = postSolution
		{D3949947-A7C7-4E3E-ACB5-08C2D06D8B45}.Debug|Any CPU.ActiveCfg = Debug|Any CPU
		{D3949947-A7C7-4E3E-ACB5-08C2D06D8B45}.Debug|Any CPU.Build.0 = Debug|Any CPU
		{D3949947-A7C7-4E3E-ACB5-08C2D06D8B45}.Release|Any CPU.ActiveCfg = Release|Any CPU
		{D3949947-A7C7-4E3E-ACB5-08C2D06D8B45}.Release|Any CPU.Build.0 = Release|Any CPU
		{8F4F16EC-5096-49C8-A134-516665678BA4}.Debug|Any CPU.ActiveCfg = Debug|Any CPU
		{8F4F16EC-5096-49C8-A134-516665678BA4}.Debug|Any CPU.Build.0 = Debug|Any CPU
		{8F4F16EC-5096-49C8-A134-516665678BA4}.Release|Any CPU.ActiveCfg = Release|Any CPU
		{8F4F16EC-5096-49C8-A134-516665678BA4}.Release|Any CPU.Build.0 = Release|Any CPU
		{B61FD67D-AF92-49F4-8A4F-0444E2F5ACB0}.Debug|Any CPU.ActiveCfg = Debug|Any CPU
		{B61FD67D-AF92-49F4-8A4F-0444E2F5ACB0}.Debug|Any CPU.Build.0 = Debug|Any CPU
		{B61FD67D-AF92-49F4-8A4F-0444E2F5ACB0}.Release|Any CPU.ActiveCfg = Release|Any CPU
		{B61FD67D-AF92-49F4-8A4F-0444E2F5ACB0}.Release|Any CPU.Build.0 = Release|Any CPU
		{800160C1-31D0-494B-8B16-308418D009FB}.Debug|Any CPU.ActiveCfg = Debug|Any CPU
		{800160C1-31D0-494B-8B16-308418D009FB}.Debug|Any CPU.Build.0 = Debug|Any CPU
		{800160C1-31D0-494B-8B16-308418D009FB}.Release|Any CPU.ActiveCfg = Release|Any CPU
		{800160C1-31D0-494B-8B16-308418D009FB}.Release|Any CPU.Build.0 = Release|Any CPU
		{22841672-EABA-430F-9707-5D49ED69A768}.Debug|Any CPU.ActiveCfg = Debug|Any CPU
		{22841672-EABA-430F-9707-5D49ED69A768}.Debug|Any CPU.Build.0 = Debug|Any CPU
		{22841672-EABA-430F-9707-5D49ED69A768}.Release|Any CPU.ActiveCfg = Release|Any CPU
		{22841672-EABA-430F-9707-5D49ED69A768}.Release|Any CPU.Build.0 = Release|Any CPU
		{74473817-E9D1-40EC-915C-83908200E5B1}.Debug|Any CPU.ActiveCfg = Debug|Any CPU
		{74473817-E9D1-40EC-915C-83908200E5B1}.Debug|Any CPU.Build.0 = Debug|Any CPU
		{74473817-E9D1-40EC-915C-83908200E5B1}.Release|Any CPU.ActiveCfg = Release|Any CPU
		{74473817-E9D1-40EC-915C-83908200E5B1}.Release|Any CPU.Build.0 = Release|Any CPU
	EndGlobalSection
	GlobalSection(SolutionProperties) = preSolution
		HideSolutionNode = FALSE
	EndGlobalSection
	GlobalSection(ExtensibilityGlobals) = postSolution
		SolutionGuid = {F40A8B58-41BD-4576-BB11-D9D06190339D}
	EndGlobalSection
EndGlobal
